
Microsoft Visual Studio Solution File, Format Version 12.00
# Visual Studio Version 16
VisualStudioVersion = 16.0.30225.117
MinimumVisualStudioVersion = 10.0.40219.1
Project("{FAE04EC0-301F-11D3-BF4B-00C04F79EFBC}") = "LongestPalin", "LongestPalin\LongestPalin.csproj", "{2C6A5E3B-6C7E-40C5-A61B-3C5F7E0175D9}"
EndProject
Global
	GlobalSection(SolutionConfigurationPlatforms) = preSolution
		Debug|Any CPU = Debug|Any CPU
		Release|Any CPU = Release|Any CPU
	EndGlobalSection
	GlobalSection(ProjectConfigurationPlatforms) = postSolution
		{2C6A5E3B-6C7E-40C5-A61B-3C5F7E0175D9}.Debug|Any CPU.ActiveCfg = Debug|Any CPU
		{2C6A5E3B-6C7E-40C5-A61B-3C5F7E0175D9}.Debug|Any CPU.Build.0 = Debug|Any CPU
		{2C6A5E3B-6C7E-40C5-A61B-3C5F7E0175D9}.Release|Any CPU.ActiveCfg = Release|Any CPU
		{2C6A5E3B-6C7E-40C5-A61B-3C5F7E0175D9}.Release|Any CPU.Build.0 = Release|Any CPU
	EndGlobalSection
	GlobalSection(SolutionProperties) = preSolution
		HideSolutionNode = FALSE
	EndGlobalSection
	GlobalSection(ExtensibilityGlobals) = postSolution
		SolutionGuid = {A72E86AB-F753-4876-984E-52FD2D237A52}
	EndGlobalSection
EndGlobal
